// !$*UTF8*$!
{
	archiveVersion = 1;
	classes = {
	};
	objectVersion = 46;
	objects = {

/* Begin PBXBuildFile section */
		04E76E201BB8E04000C3AC60 /* main.m in Sources */ = {isa = PBXBuildFile; fileRef = 04E76E1F1BB8E04000C3AC60 /* main.m */; };
		04E76E231BB8E04000C3AC60 /* AppDelegate.m in Sources */ = {isa = PBXBuildFile; fileRef = 04E76E221BB8E04000C3AC60 /* AppDelegate.m */; };
		04E76E261BB8E04000C3AC60 /* ViewController.m in Sources */ = {isa = PBXBuildFile; fileRef = 04E76E251BB8E04000C3AC60 /* ViewController.m */; };
		04E76E291BB8E04000C3AC60 /* Main.storyboard in Resources */ = {isa = PBXBuildFile; fileRef = 04E76E271BB8E04000C3AC60 /* Main.storyboard */; };
		04E76E2B1BB8E04000C3AC60 /* Assets.xcassets in Resources */ = {isa = PBXBuildFile; fileRef = 04E76E2A1BB8E04000C3AC60 /* Assets.xcassets */; };
		04E76E2E1BB8E04000C3AC60 /* LaunchScreen.storyboard in Resources */ = {isa = PBXBuildFile; fileRef = 04E76E2C1BB8E04000C3AC60 /* LaunchScreen.storyboard */; };
		04E76E391BB8E04000C3AC60 /* HttpImageUploadProjTests.m in Sources */ = {isa = PBXBuildFile; fileRef = 04E76E381BB8E04000C3AC60 /* HttpImageUploadProjTests.m */; };
		04E76E441BB8E04000C3AC60 /* HttpImageUploadProjUITests.m in Sources */ = {isa = PBXBuildFile; fileRef = 04E76E431BB8E04000C3AC60 /* HttpImageUploadProjUITests.m */; };
		04E76E531BB8E08400C3AC60 /* CDUploadProductImage.m in Sources */ = {isa = PBXBuildFile; fileRef = 04E76E521BB8E08400C3AC60 /* CDUploadProductImage.m */; settings = {ASSET_TAGS = (); }; };
		04E76E551BB8E23800C3AC60 /* MobileCoreServices.framework in Frameworks */ = {isa = PBXBuildFile; fileRef = 04E76E541BB8E23800C3AC60 /* MobileCoreServices.framework */; };
		04E76E5E1BB8E3C500C3AC60 /* Toast+UIView.m in Sources */ = {isa = PBXBuildFile; fileRef = 04E76E591BB8E3C500C3AC60 /* Toast+UIView.m */; settings = {ASSET_TAGS = (); }; };
		04E76E5F1BB8E3C500C3AC60 /* ToastDisplay.m in Sources */ = {isa = PBXBuildFile; fileRef = 04E76E5B1BB8E3C500C3AC60 /* ToastDisplay.m */; settings = {ASSET_TAGS = (); }; };
		04E76E601BB8E3C500C3AC60 /* ToastForIOS.m in Sources */ = {isa = PBXBuildFile; fileRef = 04E76E5D1BB8E3C500C3AC60 /* ToastForIOS.m */; settings = {ASSET_TAGS = (); }; };
/* End PBXBuildFile section */

/* Begin PBXContainerItemProxy section */
		04E76E351BB8E04000C3AC60 /* PBXContainerItemProxy */ = {
			isa = PBXContainerItemProxy;
			containerPortal = 04E76E131BB8E04000C3AC60 /* Project object */;
			proxyType = 1;
			remoteGlobalIDString = 04E76E1A1BB8E04000C3AC60;
			remoteInfo = HttpImageUploadProj;
		};
		04E76E401BB8E04000C3AC60 /* PBXContainerItemProxy */ = {
			isa = PBXContainerItemProxy;
			containerPortal = 04E76E131BB8E04000C3AC60 /* Project object */;
			proxyType = 1;
			remoteGlobalIDString = 04E76E1A1BB8E04000C3AC60;
			remoteInfo = HttpImageUploadProj;
		};
/* End PBXContainerItemProxy section */

/* Begin PBXFileReference section */
		04E76E1B1BB8E04000C3AC60 /* HttpImageUploadProj.app */ = {isa = PBXFileReference; explicitFileType = wrapper.application; includeInIndex = 0; path = HttpImageUploadProj.app; sourceTree = BUILT_PRODUCTS_DIR; };
		04E76E1F1BB8E04000C3AC60 /* main.m */ = {isa = PBXFileReference; lastKnownFileType = sourcecode.c.objc; path = main.m; sourceTree = "<group>"; };
		04E76E211BB8E04000C3AC60 /* AppDelegate.h */ = {isa = PBXFileReference; lastKnownFileType = sourcecode.c.h; path = AppDelegate.h; sourceTree = "<group>"; };
		04E76E221BB8E04000C3AC60 /* AppDelegate.m */ = {isa = PBXFileReference; lastKnownFileType = sourcecode.c.objc; path = AppDelegate.m; sourceTree = "<group>"; };
		04E76E241BB8E04000C3AC60 /* ViewController.h */ = {isa = PBXFileReference; lastKnownFileType = sourcecode.c.h; path = ViewController.h; sourceTree = "<group>"; };
		04E76E251BB8E04000C3AC60 /* ViewController.m */ = {isa = PBXFileReference; lastKnownFileType = sourcecode.c.objc; path = ViewController.m; sourceTree = "<group>"; };
		04E76E281BB8E04000C3AC60 /* Base */ = {isa = PBXFileReference; lastKnownFileType = file.storyboard; name = Base; path = Base.lproj/Main.storyboard; sourceTree = "<group>"; };
		04E76E2A1BB8E04000C3AC60 /* Assets.xcassets */ = {isa = PBXFileReference; lastKnownFileType = folder.assetcatalog; path = Assets.xcassets; sourceTree = "<group>"; };
		04E76E2D1BB8E04000C3AC60 /* Base */ = {isa = PBXFileReference; lastKnownFileType = file.storyboard; name = Base; path = Base.lproj/LaunchScreen.storyboard; sourceTree = "<group>"; };
		04E76E2F1BB8E04000C3AC60 /* Info.plist */ = {isa = PBXFileReference; lastKnownFileType = text.plist.xml; path = Info.plist; sourceTree = "<group>"; };
		04E76E341BB8E04000C3AC60 /* HttpImageUploadProjTests.xctest */ = {isa = PBXFileReference; explicitFileType = wrapper.cfbundle; includeInIndex = 0; path = HttpImageUploadProjTests.xctest; sourceTree = BUILT_PRODUCTS_DIR; };
		04E76E381BB8E04000C3AC60 /* HttpImageUploadProjTests.m */ = {isa = PBXFileReference; lastKnownFileType = sourcecode.c.objc; path = HttpImageUploadProjTests.m; sourceTree = "<group>"; };
		04E76E3A1BB8E04000C3AC60 /* Info.plist */ = {isa = PBXFileReference; lastKnownFileType = text.plist.xml; path = Info.plist; sourceTree = "<group>"; };
		04E76E3F1BB8E04000C3AC60 /* HttpImageUploadProjUITests.xctest */ = {isa = PBXFileReference; explicitFileType = wrapper.cfbundle; includeInIndex = 0; path = HttpImageUploadProjUITests.xctest; sourceTree = BUILT_PRODUCTS_DIR; };
		04E76E431BB8E04000C3AC60 /* HttpImageUploadProjUITests.m */ = {isa = PBXFileReference; lastKnownFileType = sourcecode.c.objc; path = HttpImageUploadProjUITests.m; sourceTree = "<group>"; };
		04E76E451BB8E04000C3AC60 /* Info.plist */ = {isa = PBXFileReference; lastKnownFileType = text.plist.xml; path = Info.plist; sourceTree = "<group>"; };
		04E76E511BB8E08400C3AC60 /* CDUploadProductImage.h */ = {isa = PBXFileReference; fileEncoding = 4; lastKnownFileType = sourcecode.c.h; path = CDUploadProductImage.h; sourceTree = "<group>"; };
		04E76E521BB8E08400C3AC60 /* CDUploadProductImage.m */ = {isa = PBXFileReference; fileEncoding = 4; lastKnownFileType = sourcecode.c.objc; path = CDUploadProductImage.m; sourceTree = "<group>"; };
		04E76E541BB8E23800C3AC60 /* MobileCoreServices.framework */ = {isa = PBXFileReference; lastKnownFileType = wrapper.framework; name = MobileCoreServices.framework; path = System/Library/Frameworks/MobileCoreServices.framework; sourceTree = SDKROOT; };
		04E76E571BB8E3C500C3AC60 /* SynthesizeSingleton.h */ = {isa = PBXFileReference; fileEncoding = 4; lastKnownFileType = sourcecode.c.h; path = SynthesizeSingleton.h; sourceTree = "<group>"; };
		04E76E581BB8E3C500C3AC60 /* Toast+UIView.h */ = {isa = PBXFileReference; fileEncoding = 4; lastKnownFileType = sourcecode.c.h; path = "Toast+UIView.h"; sourceTree = "<group>"; };
		04E76E591BB8E3C500C3AC60 /* Toast+UIView.m */ = {isa = PBXFileReference; fileEncoding = 4; lastKnownFileType = sourcecode.c.objc; path = "Toast+UIView.m"; sourceTree = "<group>"; };
		04E76E5A1BB8E3C500C3AC60 /* ToastDisplay.h */ = {isa = PBXFileReference; fileEncoding = 4; lastKnownFileType = sourcecode.c.h; path = ToastDisplay.h; sourceTree = "<group>"; };
		04E76E5B1BB8E3C500C3AC60 /* ToastDisplay.m */ = {isa = PBXFileReference; fileEncoding = 4; lastKnownFileType = sourcecode.c.objc; path = ToastDisplay.m; sourceTree = "<group>"; };
		04E76E5C1BB8E3C500C3AC60 /* ToastForIOS.h */ = {isa = PBXFileReference; fileEncoding = 4; lastKnownFileType = sourcecode.c.h; path = ToastForIOS.h; sourceTree = "<group>"; };
		04E76E5D1BB8E3C500C3AC60 /* ToastForIOS.m */ = {isa = PBXFileReference; fileEncoding = 4; lastKnownFileType = sourcecode.c.objc; path = ToastForIOS.m; sourceTree = "<group>"; };
/* End PBXFileReference section */

/* Begin PBXFrameworksBuildPhase section */
		04E76E181BB8E04000C3AC60 /* Frameworks */ = {
			isa = PBXFrameworksBuildPhase;
			buildActionMask = 2147483647;
			files = (
				04E76E551BB8E23800C3AC60 /* MobileCoreServices.framework in Frameworks */,
			);
			runOnlyForDeploymentPostprocessing = 0;
		};
		04E76E311BB8E04000C3AC60 /* Frameworks */ = {
			isa = PBXFrameworksBuildPhase;
			buildActionMask = 2147483647;
			files = (
			);
			runOnlyForDeploymentPostprocessing = 0;
		};
		04E76E3C1BB8E04000C3AC60 /* Frameworks */ = {
			isa = PBXFrameworksBuildPhase;
			buildActionMask = 2147483647;
			files = (
			);
			runOnlyForDeploymentPostprocessing = 0;
		};
/* End PBXFrameworksBuildPhase section */

/* Begin PBXGroup section */
		04E76E121BB8E04000C3AC60 = {
			isa = PBXGroup;
			children = (
				04E76E541BB8E23800C3AC60 /* MobileCoreServices.framework */,
				04E76E1D1BB8E04000C3AC60 /* HttpImageUploadProj */,
				04E76E371BB8E04000C3AC60 /* HttpImageUploadProjTests */,
				04E76E421BB8E04000C3AC60 /* HttpImageUploadProjUITests */,
				04E76E1C1BB8E04000C3AC60 /* Products */,
			);
			sourceTree = "<group>";
		};
		04E76E1C1BB8E04000C3AC60 /* Products */ = {
			isa = PBXGroup;
			children = (
				04E76E1B1BB8E04000C3AC60 /* HttpImageUploadProj.app */,
				04E76E341BB8E04000C3AC60 /* HttpImageUploadProjTests.xctest */,
				04E76E3F1BB8E04000C3AC60 /* HttpImageUploadProjUITests.xctest */,
			);
			name = Products;
			sourceTree = "<group>";
		};
		04E76E1D1BB8E04000C3AC60 /* HttpImageUploadProj */ = {
			isa = PBXGroup;
			children = (
				04E76E561BB8E3C500C3AC60 /* Toast */,
				04E76E511BB8E08400C3AC60 /* CDUploadProductImage.h */,
				04E76E521BB8E08400C3AC60 /* CDUploadProductImage.m */,
				04E76E211BB8E04000C3AC60 /* AppDelegate.h */,
				04E76E221BB8E04000C3AC60 /* AppDelegate.m */,
				04E76E241BB8E04000C3AC60 /* ViewController.h */,
				04E76E251BB8E04000C3AC60 /* ViewController.m */,
				04E76E271BB8E04000C3AC60 /* Main.storyboard */,
				04E76E2A1BB8E04000C3AC60 /* Assets.xcassets */,
				04E76E2C1BB8E04000C3AC60 /* LaunchScreen.storyboard */,
				04E76E2F1BB8E04000C3AC60 /* Info.plist */,
				04E76E1E1BB8E04000C3AC60 /* Supporting Files */,
			);
			path = HttpImageUploadProj;
			sourceTree = "<group>";
		};
		04E76E1E1BB8E04000C3AC60 /* Supporting Files */ = {
			isa = PBXGroup;
			children = (
				04E76E1F1BB8E04000C3AC60 /* main.m */,
			);
			name = "Supporting Files";
			sourceTree = "<group>";
		};
		04E76E371BB8E04000C3AC60 /* HttpImageUploadProjTests */ = {
			isa = PBXGroup;
			children = (
				04E76E381BB8E04000C3AC60 /* HttpImageUploadProjTests.m */,
				04E76E3A1BB8E04000C3AC60 /* Info.plist */,
			);
			path = HttpImageUploadProjTests;
			sourceTree = "<group>";
		};
		04E76E421BB8E04000C3AC60 /* HttpImageUploadProjUITests */ = {
			isa = PBXGroup;
			children = (
				04E76E431BB8E04000C3AC60 /* HttpImageUploadProjUITests.m */,
				04E76E451BB8E04000C3AC60 /* Info.plist */,
			);
			path = HttpImageUploadProjUITests;
			sourceTree = "<group>";
		};
		04E76E561BB8E3C500C3AC60 /* Toast */ = {
			isa = PBXGroup;
			children = (
				04E76E571BB8E3C500C3AC60 /* SynthesizeSingleton.h */,
				04E76E581BB8E3C500C3AC60 /* Toast+UIView.h */,
				04E76E591BB8E3C500C3AC60 /* Toast+UIView.m */,
				04E76E5A1BB8E3C500C3AC60 /* ToastDisplay.h */,
				04E76E5B1BB8E3C500C3AC60 /* ToastDisplay.m */,
				04E76E5C1BB8E3C500C3AC60 /* ToastForIOS.h */,
				04E76E5D1BB8E3C500C3AC60 /* ToastForIOS.m */,
			);
			path = Toast;
			sourceTree = "<group>";
		};
/* End PBXGroup section */

/* Begin PBXNativeTarget section */
		04E76E1A1BB8E04000C3AC60 /* HttpImageUploadProj */ = {
			isa = PBXNativeTarget;
			buildConfigurationList = 04E76E481BB8E04000C3AC60 /* Build configuration list for PBXNativeTarget "HttpImageUploadProj" */;
			buildPhases = (
				04E76E171BB8E04000C3AC60 /* Sources */,
				04E76E181BB8E04000C3AC60 /* Frameworks */,
				04E76E191BB8E04000C3AC60 /* Resources */,
			);
			buildRules = (
			);
			dependencies = (
			);
			name = HttpImageUploadProj;
			productName = HttpImageUploadProj;
			productReference = 04E76E1B1BB8E04000C3AC60 /* HttpImageUploadProj.app */;
			productType = "com.apple.product-type.application";
		};
		04E76E331BB8E04000C3AC60 /* HttpImageUploadProjTests */ = {
			isa = PBXNativeTarget;
			buildConfigurationList = 04E76E4B1BB8E04000C3AC60 /* Build configuration list for PBXNativeTarget "HttpImageUploadProjTests" */;
			buildPhases = (
				04E76E301BB8E04000C3AC60 /* Sources */,
				04E76E311BB8E04000C3AC60 /* Frameworks */,
				04E76E321BB8E04000C3AC60 /* Resources */,
			);
			buildRules = (
			);
			dependencies = (
				04E76E361BB8E04000C3AC60 /* PBXTargetDependency */,
			);
			name = HttpImageUploadProjTests;
			productName = HttpImageUploadProjTests;
			productReference = 04E76E341BB8E04000C3AC60 /* HttpImageUploadProjTests.xctest */;
			productType = "com.apple.product-type.bundle.unit-test";
		};
		04E76E3E1BB8E04000C3AC60 /* HttpImageUploadProjUITests */ = {
			isa = PBXNativeTarget;
			buildConfigurationList = 04E76E4E1BB8E04000C3AC60 /* Build configuration list for PBXNativeTarget "HttpImageUploadProjUITests" */;
			buildPhases = (
				04E76E3B1BB8E04000C3AC60 /* Sources */,
				04E76E3C1BB8E04000C3AC60 /* Frameworks */,
				04E76E3D1BB8E04000C3AC60 /* Resources */,
			);
			buildRules = (
			);
			dependencies = (
				04E76E411BB8E04000C3AC60 /* PBXTargetDependency */,
			);
			name = HttpImageUploadProjUITests;
			productName = HttpImageUploadProjUITests;
			productReference = 04E76E3F1BB8E04000C3AC60 /* HttpImageUploadProjUITests.xctest */;
			productType = "com.apple.product-type.bundle.ui-testing";
		};
/* End PBXNativeTarget section */

/* Begin PBXProject section */
		04E76E131BB8E04000C3AC60 /* Project object */ = {
			isa = PBXProject;
			attributes = {
				LastUpgradeCheck = 0700;
				ORGANIZATIONNAME = lei.zhang;
				TargetAttributes = {
					04E76E1A1BB8E04000C3AC60 = {
						CreatedOnToolsVersion = 7.0;
					};
					04E76E331BB8E04000C3AC60 = {
						CreatedOnToolsVersion = 7.0;
						TestTargetID = 04E76E1A1BB8E04000C3AC60;
					};
					04E76E3E1BB8E04000C3AC60 = {
						CreatedOnToolsVersion = 7.0;
						TestTargetID = 04E76E1A1BB8E04000C3AC60;
					};
				};
			};
			buildConfigurationList = 04E76E161BB8E04000C3AC60 /* Build configuration list for PBXProject "HttpImageUploadProj" */;
			compatibilityVersion = "Xcode 3.2";
			developmentRegion = English;
			hasScannedForEncodings = 0;
			knownRegions = (
				en,
				Base,
			);
			mainGroup = 04E76E121BB8E04000C3AC60;
			productRefGroup = 04E76E1C1BB8E04000C3AC60 /* Products */;
			projectDirPath = "";
			projectRoot = "";
			targets = (
				04E76E1A1BB8E04000C3AC60 /* HttpImageUploadProj */,
				04E76E331BB8E04000C3AC60 /* HttpImageUploadProjTests */,
				04E76E3E1BB8E04000C3AC60 /* HttpImageUploadProjUITests */,
			);
		};
/* End PBXProject section */

/* Begin PBXResourcesBuildPhase section */
		04E76E191BB8E04000C3AC60 /* Resources */ = {
			isa = PBXResourcesBuildPhase;
			buildActionMask = 2147483647;
			files = (
				04E76E2E1BB8E04000C3AC60 /* LaunchScreen.storyboard in Resources */,
				04E76E2B1BB8E04000C3AC60 /* Assets.xcassets in Resources */,
				04E76E291BB8E04000C3AC60 /* Main.storyboard in Resources */,
			);
			runOnlyForDeploymentPostprocessing = 0;
		};
		04E76E321BB8E04000C3AC60 /* Resources */ = {
			isa = PBXResourcesBuildPhase;
			buildActionMask = 2147483647;
			files = (
			);
			runOnlyForDeploymentPostprocessing = 0;
		};
		04E76E3D1BB8E04000C3AC60 /* Resources */ = {
			isa = PBXResourcesBuildPhase;
			buildActionMask = 2147483647;
			files = (
			);
			runOnlyForDeploymentPostprocessing = 0;
		};
/* End PBXResourcesBuildPhase section */

/* Begin PBXSourcesBuildPhase section */
		04E76E171BB8E04000C3AC60 /* Sources */ = {
			isa = PBXSourcesBuildPhase;
			buildActionMask = 2147483647;
			files = (
				04E76E5F1BB8E3C500C3AC60 /* ToastDisplay.m in Sources */,
				04E76E261BB8E04000C3AC60 /* ViewController.m in Sources */,
				04E76E5E1BB8E3C500C3AC60 /* Toast+UIView.m in Sources */,
				04E76E531BB8E08400C3AC60 /* CDUploadProductImage.m in Sources */,
				04E76E231BB8E04000C3AC60 /* AppDelegate.m in Sources */,
				04E76E201BB8E04000C3AC60 /* main.m in Sources */,
				04E76E601BB8E3C500C3AC60 /* ToastForIOS.m in Sources */,
			);
			runOnlyForDeploymentPostprocessing = 0;
		};
		04E76E301BB8E04000C3AC60 /* Sources */ = {
			isa = PBXSourcesBuildPhase;
			buildActionMask = 2147483647;
			files = (
				04E76E391BB8E04000C3AC60 /* HttpImageUploadProjTests.m in Sources */,
			);
			runOnlyForDeploymentPostprocessing = 0;
		};
		04E76E3B1BB8E04000C3AC60 /* Sources */ = {
			isa = PBXSourcesBuildPhase;
			buildActionMask = 2147483647;
			files = (
				04E76E441BB8E04000C3AC60 /* HttpImageUploadProjUITests.m in Sources */,
			);
			runOnlyForDeploymentPostprocessing = 0;
		};
/* End PBXSourcesBuildPhase section */

/* Begin PBXTargetDependency section */
		04E76E361BB8E04000C3AC60 /* PBXTargetDependency */ = {
			isa = PBXTargetDependency;
			target = 04E76E1A1BB8E04000C3AC60 /* HttpImageUploadProj */;
			targetProxy = 04E76E351BB8E04000C3AC60 /* PBXContainerItemProxy */;
		};
		04E76E411BB8E04000C3AC60 /* PBXTargetDependency */ = {
			isa = PBXTargetDependency;
			target = 04E76E1A1BB8E04000C3AC60 /* HttpImageUploadProj */;
			targetProxy = 04E76E401BB8E04000C3AC60 /* PBXContainerItemProxy */;
		};
/* End PBXTargetDependency section */

/* Begin PBXVariantGroup section */
		04E76E271BB8E04000C3AC60 /* Main.storyboard */ = {
			isa = PBXVariantGroup;
			children = (
				04E76E281BB8E04000C3AC60 /* Base */,
			);
			name = Main.storyboard;
			sourceTree = "<group>";
		};
		04E76E2C1BB8E04000C3AC60 /* LaunchScreen.storyboard */ = {
			isa = PBXVariantGroup;
			children = (
				04E76E2D1BB8E04000C3AC60 /* Base */,
			);
			name = LaunchScreen.storyboard;
			sourceTree = "<group>";
		};
/* End PBXVariantGroup section */

/* Begin XCBuildConfiguration section */
		04E76E461BB8E04000C3AC60 /* Debug */ = {
			isa = XCBuildConfiguration;
			buildSettings = {
				ALWAYS_SEARCH_USER_PATHS = NO;
				CLANG_CXX_LANGUAGE_STANDARD = "gnu++0x";
				CLANG_CXX_LIBRARY = "libc++";
				CLANG_ENABLE_MODULES = YES;
				CLANG_ENABLE_OBJC_ARC = YES;
				CLANG_WARN_BOOL_CONVERSION = YES;
				CLANG_WARN_CONSTANT_CONVERSION = YES;
				CLANG_WARN_DIRECT_OBJC_ISA_USAGE = YES_ERROR;
				CLANG_WARN_EMPTY_BODY = YES;
				CLANG_WARN_ENUM_CONVERSION = YES;
				CLANG_WARN_INT_CONVERSION = YES;
				CLANG_WARN_OBJC_ROOT_CLASS = YES_ERROR;
				CLANG_WARN_UNREACHABLE_CODE = YES;
				CLANG_WARN__DUPLICATE_METHOD_MATCH = YES;
				"CODE_SIGN_IDENTITY[sdk=iphoneos*]" = "iPhone Developer";
				COPY_PHASE_STRIP = NO;
				DEBUG_INFORMATION_FORMAT = dwarf;
				ENABLE_STRICT_OBJC_MSGSEND = YES;
				ENABLE_TESTABILITY = YES;
				GCC_C_LANGUAGE_STANDARD = gnu99;
				GCC_DYNAMIC_NO_PIC = NO;
				GCC_NO_COMMON_BLOCKS = YES;
				GCC_OPTIMIZATION_LEVEL = 0;
				GCC_PREPROCESSOR_DEFINITIONS = (
					"DEBUG=1",
					"$(inherited)",
				);
				GCC_WARN_64_TO_32_BIT_CONVERSION = YES;
				GCC_WARN_ABOUT_RETURN_TYPE = YES_ERROR;
				GCC_WARN_UNDECLARED_SELECTOR = YES;
				GCC_WARN_UNINITIALIZED_AUTOS = YES_AGGRESSIVE;
				GCC_WARN_UNUSED_FUNCTION = YES;
				GCC_WARN_UNUSED_VARIABLE = YES;
				IPHONEOS_DEPLOYMENT_TARGET = 9.0;
				MTL_ENABLE_DEBUG_INFO = YES;
				ONLY_ACTIVE_ARCH = YES;
				SDKROOT = iphoneos;
			};
			name = Debug;
		};
		04E76E471BB8E04000C3AC60 /* Release */ = {
			isa = XCBuildConfiguration;
			buildSettings = {
				ALWAYS_SEARCH_USER_PATHS = NO;
				CLANG_CXX_LANGUAGE_STANDARD = "gnu++0x";
				CLANG_CXX_LIBRARY = "libc++";
				CLANG_ENABLE_MODULES = YES;
				CLANG_ENABLE_OBJC_ARC = YES;
				CLANG_WARN_BOOL_CONVERSION = YES;
				CLANG_WARN_CONSTANT_CONVERSION = YES;
				CLANG_WARN_DIRECT_OBJC_ISA_USAGE = YES_ERROR;
				CLANG_WARN_EMPTY_BODY = YES;
				CLANG_WARN_ENUM_CONVERSION = YES;
				CLANG_WARN_INT_CONVERSION = YES;
				CLANG_WARN_OBJC_ROOT_CLASS = YES_ERROR;
				CLANG_WARN_UNREACHABLE_CODE = YES;
				CLANG_WARN__DUPLICATE_METHOD_MATCH = YES;
				"CODE_SIGN_IDENTITY[sdk=iphoneos*]" = "iPhone Developer";
				COPY_PHASE_STRIP = NO;
				DEBUG_INFORMATION_FORMAT = "dwarf-with-dsym";
				ENABLE_NS_ASSERTIONS = NO;
				ENABLE_STRICT_OBJC_MSGSEND = YES;
				GCC_C_LANGUAGE_STANDARD = gnu99;
				GCC_NO_COMMON_BLOCKS = YES;
				GCC_WARN_64_TO_32_BIT_CONVERSION = YES;
				GCC_WARN_ABOUT_RETURN_TYPE = YES_ERROR;
				GCC_WARN_UNDECLARED_SELECTOR = YES;
				GCC_WARN_UNINITIALIZED_AUTOS = YES_AGGRESSIVE;
				GCC_WARN_UNUSED_FUNCTION = YES;
				GCC_WARN_UNUSED_VARIABLE = YES;
				IPHONEOS_DEPLOYMENT_TARGET = 9.0;
				MTL_ENABLE_DEBUG_INFO = NO;
				SDKROOT = iphoneos;
				VALIDATE_PRODUCT = YES;
			};
			name = Release;
		};
		04E76E491BB8E04000C3AC60 /* Debug */ = {
			isa = XCBuildConfiguration;
			buildSettings = {
				ASSETCATALOG_COMPILER_APPICON_NAME = AppIcon;
				INFOPLIST_FILE = HttpImageUploadProj/Info.plist;
				LD_RUNPATH_SEARCH_PATHS = "$(inherited) @executable_path/Frameworks";
				PRODUCT_BUNDLE_IDENTIFIER = lei.zhang.HttpImageUploadProj;
				PRODUCT_NAME = "$(TARGET_NAME)";
			};
			name = Debug;
		};
		04E76E4A1BB8E04000C3AC60 /* Release */ = {
			isa = XCBuildConfiguration;
			buildSettings = {
				ASSETCATALOG_COMPILER_APPICON_NAME = AppIcon;
				INFOPLIST_FILE = HttpImageUploadProj/Info.plist;
				LD_RUNPATH_SEARCH_PATHS = "$(inherited) @executable_path/Frameworks";
				PRODUCT_BUNDLE_IDENTIFIER = lei.zhang.HttpImageUploadProj;
				PRODUCT_NAME = "$(TARGET_NAME)";
			};
			name = Release;
		};
		04E76E4C1BB8E04000C3AC60 /* Debug */ = {
			isa = XCBuildConfiguration;
			buildSettings = {
				BUNDLE_LOADER = "$(TEST_HOST)";
				INFOPLIST_FILE = HttpImageUploadProjTests/Info.plist;
				LD_RUNPATH_SEARCH_PATHS = "$(inherited) @executable_path/Frameworks @loader_path/Frameworks";
				PRODUCT_BUNDLE_IDENTIFIER = lei.zhang.HttpImageUploadProjTests;
				PRODUCT_NAME = "$(TARGET_NAME)";
				TEST_HOST = "$(BUILT_PRODUCTS_DIR)/HttpImageUploadProj.app/HttpImageUploadProj";
			};
			name = Debug;
		};
		04E76E4D1BB8E04000C3AC60 /* Release */ = {
			isa = XCBuildConfiguration;
			buildSettings = {
				BUNDLE_LOADER = "$(TEST_HOST)";
				INFOPLIST_FILE = HttpImageUploadProjTests/Info.plist;
				LD_RUNPATH_SEARCH_PATHS = "$(inherited) @executable_path/Frameworks @loader_path/Frameworks";
				PRODUCT_BUNDLE_IDENTIFIER = lei.zhang.HttpImageUploadProjTests;
				PRODUCT_NAME = "$(TARGET_NAME)";
				TEST_HOST = "$(BUILT_PRODUCTS_DIR)/HttpImageUploadProj.app/HttpImageUploadProj";
			};
			name = Release;
		};
		04E76E4F1BB8E04000C3AC60 /* Debug */ = {
			isa = XCBuildConfiguration;
			buildSettings = {
				INFOPLIST_FILE = HttpImageUploadProjUITests/Info.plist;
				LD_RUNPATH_SEARCH_PATHS = "$(inherited) @executable_path/Frameworks @loader_path/Frameworks";
				PRODUCT_BUNDLE_IDENTIFIER = lei.zhang.HttpImageUploadProjUITests;
				PRODUCT_NAME = "$(TARGET_NAME)";
				TEST_TARGET_NAME = HttpImageUploadProj;
				USES_XCTRUNNER = YES;
			};
			name = Debug;
		};
		04E76E501BB8E04000C3AC60 /* Release */ = {
			isa = XCBuildConfiguration;
			buildSettings = {
				INFOPLIST_FILE = HttpImageUploadProjUITests/Info.plist;
				LD_RUNPATH_SEARCH_PATHS = "$(inherited) @executable_path/Frameworks @loader_path/Frameworks";
				PRODUCT_BUNDLE_IDENTIFIER = lei.zhang.HttpImageUploadProjUITests;
				PRODUCT_NAME = "$(TARGET_NAME)";
				TEST_TARGET_NAME = HttpImageUploadProj;
				USES_XCTRUNNER = YES;
			};
			name = Release;
		};
/* End XCBuildConfiguration section */

/* Begin XCConfigurationList section */
		04E76E161BB8E04000C3AC60 /* Build configuration list for PBXProject "HttpImageUploadProj" */ = {
			isa = XCConfigurationList;
			buildConfigurations = (
				04E76E461BB8E04000C3AC60 /* Debug */,
				04E76E471BB8E04000C3AC60 /* Release */,
			);
			defaultConfigurationIsVisible = 0;
			defaultConfigurationName = Release;
		};
		04E76E481BB8E04000C3AC60 /* Build configuration list for PBXNativeTarget "HttpImageUploadProj" */ = {
			isa = XCConfigurationList;
			buildConfigurations = (
				04E76E491BB8E04000C3AC60 /* Debug */,
				04E76E4A1BB8E04000C3AC60 /* Release */,
			);
			defaultConfigurationIsVisible = 0;
			defaultConfigurationName = Release;
		};
		04E76E4B1BB8E04000C3AC60 /* Build configuration list for PBXNativeTarget "HttpImageUploadProjTests" */ = {
			isa = XCConfigurationList;
			buildConfigurations = (
				04E76E4C1BB8E04000C3AC60 /* Debug */,
				04E76E4D1BB8E04000C3AC60 /* Release */,
			);
			defaultConfigurationIsVisible = 0;
			defaultConfigurationName = Release;
		};
		04E76E4E1BB8E04000C3AC60 /* Build configuration list for PBXNativeTarget "HttpImageUploadProjUITests" */ = {
			isa = XCConfigurationList;
			buildConfigurations = (
				04E76E4F1BB8E04000C3AC60 /* Debug */,
				04E76E501BB8E04000C3AC60 /* Release */,
			);
			defaultConfigurationIsVisible = 0;
			defaultConfigurationName = Release;
		};
/* End XCConfigurationList section */
	};
	rootObject = 04E76E131BB8E04000C3AC60 /* Project object */;
}
